
Microsoft Visual Studio Solution File, Format Version 12.00
# Visual Studio 15
VisualStudioVersion = 15.0.28307.421
MinimumVisualStudioVersion = 10.0.40219.1
Project("{FAE04EC0-301F-11D3-BF4B-00C04F79EFBC}") = "Bizbot02", "Bizbot02\Bizbot02.csproj", "{AC9D13AD-A1DB-4661-8813-67257E2B42C1}"
EndProject
Global
	GlobalSection(SolutionConfigurationPlatforms) = preSolution
		Debug|Any CPU = Debug|Any CPU
		Release|Any CPU = Release|Any CPU
	EndGlobalSection
	GlobalSection(ProjectConfigurationPlatforms) = postSolution
		{AC9D13AD-A1DB-4661-8813-67257E2B42C1}.Debug|Any CPU.ActiveCfg = Debug|Any CPU
		{AC9D13AD-A1DB-4661-8813-67257E2B42C1}.Debug|Any CPU.Build.0 = Debug|Any CPU
		{AC9D13AD-A1DB-4661-8813-67257E2B42C1}.Release|Any CPU.ActiveCfg = Release|Any CPU
		{AC9D13AD-A1DB-4661-8813-67257E2B42C1}.Release|Any CPU.Build.0 = Release|Any CPU
	EndGlobalSection
	GlobalSection(SolutionProperties) = preSolution
		HideSolutionNode = FALSE
	EndGlobalSection
	GlobalSection(ExtensibilityGlobals) = postSolution
		SolutionGuid = {B50AD61E-7AD0-44A7-9FAF-6DCC5C88CFC2}
	EndGlobalSection
EndGlobal
